
Microsoft Visual Studio Solution File, Format Version 12.00
# Visual Studio 2012
Project("{FAE04EC0-301F-11D3-BF4B-00C04F79EFBC}") = "TimesheetData", "TimesheetData\TimesheetData.csproj", "{13E83570-226E-40B6-831A-556270114ABA}"
EndProject
Project("{FAE04EC0-301F-11D3-BF4B-00C04F79EFBC}") = "TimesheetService", "TimesheetService\TimesheetService.csproj", "{AE3B0971-145A-4D37-A530-FD0837A7A428}"
EndProject
Global
	GlobalSection(SolutionConfigurationPlatforms) = preSolution
		Debug|Any CPU = Debug|Any CPU
		Release|Any CPU = Release|Any CPU
	EndGlobalSection
	GlobalSection(ProjectConfigurationPlatforms) = postSolution
		{13E83570-226E-40B6-831A-556270114ABA}.Debug|Any CPU.ActiveCfg = Debug|Any CPU
		{13E83570-226E-40B6-831A-556270114ABA}.Debug|Any CPU.Build.0 = Debug|Any CPU
		{13E83570-226E-40B6-831A-556270114ABA}.Release|Any CPU.ActiveCfg = Release|Any CPU
		{13E83570-226E-40B6-831A-556270114ABA}.Release|Any CPU.Build.0 = Release|Any CPU
		{AE3B0971-145A-4D37-A530-FD0837A7A428}.Debug|Any CPU.ActiveCfg = Debug|Any CPU
		{AE3B0971-145A-4D37-A530-FD0837A7A428}.Debug|Any CPU.Build.0 = Debug|Any CPU
		{AE3B0971-145A-4D37-A530-FD0837A7A428}.Release|Any CPU.ActiveCfg = Release|Any CPU
		{AE3B0971-145A-4D37-A530-FD0837A7A428}.Release|Any CPU.Build.0 = Release|Any CPU
	EndGlobalSection
	GlobalSection(SolutionProperties) = preSolution
		HideSolutionNode = FALSE
	EndGlobalSection
	GlobalSection(Performance) = preSolution
		HasPerformanceSessions = true
	EndGlobalSection
EndGlobal
